
Microsoft Visual Studio Solution File, Format Version 12.00
# Visual Studio Version 17
VisualStudioVersion = 17.3.32922.545
MinimumVisualStudioVersion = 10.0.40219.1
Project("{FAE04EC0-301F-11D3-BF4B-00C04F79EFBC}") = "Calculator86", "Calculator86\Calculator86.csproj", "{68150E1E-8287-4B6C-9162-C66EB72BEA48}"
EndProject
Project("{FAE04EC0-301F-11D3-BF4B-00C04F79EFBC}") = "Calculator86_Tests", "Calculator86_Tests\Calculator86_Tests.csproj", "{72F9AC48-36AC-4EAB-944D-658F1C6FF442}"
EndProject
Global
	GlobalSection(SolutionConfigurationPlatforms) = preSolution
		Debug|Any CPU = Debug|Any CPU
		Release|Any CPU = Release|Any CPU
	EndGlobalSection
	GlobalSection(ProjectConfigurationPlatforms) = postSolution
		{68150E1E-8287-4B6C-9162-C66EB72BEA48}.Debug|Any CPU.ActiveCfg = Debug|Any CPU
		{68150E1E-8287-4B6C-9162-C66EB72BEA48}.Debug|Any CPU.Build.0 = Debug|Any CPU
		{68150E1E-8287-4B6C-9162-C66EB72BEA48}.Release|Any CPU.ActiveCfg = Release|Any CPU
		{68150E1E-8287-4B6C-9162-C66EB72BEA48}.Release|Any CPU.Build.0 = Release|Any CPU
		{72F9AC48-36AC-4EAB-944D-658F1C6FF442}.Debug|Any CPU.ActiveCfg = Debug|Any CPU
		{72F9AC48-36AC-4EAB-944D-658F1C6FF442}.Debug|Any CPU.Build.0 = Debug|Any CPU
		{72F9AC48-36AC-4EAB-944D-658F1C6FF442}.Release|Any CPU.ActiveCfg = Release|Any CPU
		{72F9AC48-36AC-4EAB-944D-658F1C6FF442}.Release|Any CPU.Build.0 = Release|Any CPU
	EndGlobalSection
	GlobalSection(SolutionProperties) = preSolution
		HideSolutionNode = FALSE
	EndGlobalSection
	GlobalSection(ExtensibilityGlobals) = postSolution
		SolutionGuid = {23C19BD3-04B4-439A-83FF-83C933ABC257}
	EndGlobalSection
EndGlobal
